
Microsoft Visual Studio Solution File, Format Version 12.00
# Visual Studio Version 17
VisualStudioVersion = 17.8.34316.72
MinimumVisualStudioVersion = 10.0.40219.1
Project("{FAE04EC0-301F-11D3-BF4B-00C04F79EFBC}") = "SalesWebMvc", "SalesWebMvc\SalesWebMvc.csproj", "{4CF6035C-C8D6-4DDA-8112-F90C5F9AA7FF}"
EndProject
Global
	GlobalSection(SolutionConfigurationPlatforms) = preSolution
		Debug|Any CPU = Debug|Any CPU
		Release|Any CPU = Release|Any CPU
	EndGlobalSection
	GlobalSection(ProjectConfigurationPlatforms) = postSolution
		{4CF6035C-C8D6-4DDA-8112-F90C5F9AA7FF}.Debug|Any CPU.ActiveCfg = Debug|Any CPU
		{4CF6035C-C8D6-4DDA-8112-F90C5F9AA7FF}.Debug|Any CPU.Build.0 = Debug|Any CPU
		{4CF6035C-C8D6-4DDA-8112-F90C5F9AA7FF}.Release|Any CPU.ActiveCfg = Release|Any CPU
		{4CF6035C-C8D6-4DDA-8112-F90C5F9AA7FF}.Release|Any CPU.Build.0 = Release|Any CPU
	EndGlobalSection
	GlobalSection(SolutionProperties) = preSolution
		HideSolutionNode = FALSE
	EndGlobalSection
	GlobalSection(ExtensibilityGlobals) = postSolution
		SolutionGuid = {19CB5C87-D5C6-4AE7-9B2C-3664E8BF8D3E}
	EndGlobalSection
EndGlobal
